
Microsoft Visual Studio Solution File, Format Version 12.00
# Visual Studio Version 16
VisualStudioVersion = 16.0.29926.136
MinimumVisualStudioVersion = 10.0.40219.1
Project("{9092AA53-FB77-4645-B42D-1CCCA6BD08BD}") = "forescore-rtg", "forescore-rtg.njsproj", "{CEF8C6BB-33A1-417D-98EE-1036627BF203}"
EndProject
Global
	GlobalSection(SolutionConfigurationPlatforms) = preSolution
		Debug|Any CPU = Debug|Any CPU
		Release|Any CPU = Release|Any CPU
	EndGlobalSection
	GlobalSection(ProjectConfigurationPlatforms) = postSolution
		{CEF8C6BB-33A1-417D-98EE-1036627BF203}.Debug|Any CPU.ActiveCfg = Debug|Any CPU
		{CEF8C6BB-33A1-417D-98EE-1036627BF203}.Debug|Any CPU.Build.0 = Debug|Any CPU
		{CEF8C6BB-33A1-417D-98EE-1036627BF203}.Release|Any CPU.ActiveCfg = Release|Any CPU
		{CEF8C6BB-33A1-417D-98EE-1036627BF203}.Release|Any CPU.Build.0 = Release|Any CPU
	EndGlobalSection
	GlobalSection(SolutionProperties) = preSolution
		HideSolutionNode = FALSE
	EndGlobalSection
	GlobalSection(ExtensibilityGlobals) = postSolution
		SolutionGuid = {57C53860-0ACD-4B61-95B0-A85C12AF5575}
	EndGlobalSection
EndGlobal
